
Microsoft Visual Studio Solution File, Format Version 12.00
# Visual Studio Version 17
VisualStudioVersion = 17.0.31903.59
MinimumVisualStudioVersion = 10.0.40219.1
Project("{2150E333-8FDC-42A3-9474-1A3956D46DE8}") = "src", "src", "{28D9EBE4-C4C5-4B80-A12C-423AAE8E46E2}"
EndProject
Project("{FAE04EC0-301F-11D3-BF4B-00C04F79EFBC}") = "MockDataCATS", "src\MockDataCATS\MockDataCATS.csproj", "{F38D5510-7D34-40AC-A29C-6EB3B2F7BE93}"
EndProject
Global
	GlobalSection(SolutionConfigurationPlatforms) = preSolution
		Debug|Any CPU = Debug|Any CPU
		Release|Any CPU = Release|Any CPU
	EndGlobalSection
	GlobalSection(SolutionProperties) = preSolution
		HideSolutionNode = FALSE
	EndGlobalSection
	GlobalSection(ProjectConfigurationPlatforms) = postSolution
		{F38D5510-7D34-40AC-A29C-6EB3B2F7BE93}.Debug|Any CPU.ActiveCfg = Debug|Any CPU
		{F38D5510-7D34-40AC-A29C-6EB3B2F7BE93}.Debug|Any CPU.Build.0 = Debug|Any CPU
		{F38D5510-7D34-40AC-A29C-6EB3B2F7BE93}.Release|Any CPU.ActiveCfg = Release|Any CPU
		{F38D5510-7D34-40AC-A29C-6EB3B2F7BE93}.Release|Any CPU.Build.0 = Release|Any CPU
	EndGlobalSection
	GlobalSection(NestedProjects) = preSolution
		{F38D5510-7D34-40AC-A29C-6EB3B2F7BE93} = {28D9EBE4-C4C5-4B80-A12C-423AAE8E46E2}
	EndGlobalSection
EndGlobal
